{
  "name": "soundingboard",
  "version": "1.1.0",
  "lockfileVersion": 3,
  "requires": true,
  "packages": {
    "": {
      "name": "soundingboard",
      "version": "1.1.0",
      "license": "MIT",
      "bin": {
        "soundingboard": "./scripts/soundingboard.js",
        "sb": "./scripts/soundingboard.js",
        "saga": "./scripts/saga.js"
      }
    }
  }
}
